
Microsoft Visual Studio Solution File, Format Version 12.00
# Visual Studio Version 17
VisualStudioVersion = 17.0.31903.59
MinimumVisualStudioVersion = 10.0.40219.1
Project("{9A19103F-16F7-4668-BE54-9A1E7A4F7556}") = "CustomData", "CustomData\CustomData.csproj", "{0410C8D5-4B69-43F4-839C-3360652BFADE}"
EndProject
Project("{FAE04EC0-301F-11D3-BF4B-00C04F79EFBC}") = "WebApi", "WebApi\WebApi.csproj", "{EE2252F6-9BC6-46D9-A722-A50F056B9EA0}"
EndProject
Project("{FAE04EC0-301F-11D3-BF4B-00C04F79EFBC}") = "Contracts", "Contracts\Contracts.csproj", "{0C51354C-7F4A-412A-A03E-DD81AF7A3AF2}"
EndProject
Global
	GlobalSection(SolutionConfigurationPlatforms) = preSolution
		Debug|Any CPU = Debug|Any CPU
		Release|Any CPU = Release|Any CPU
	EndGlobalSection
	GlobalSection(ProjectConfigurationPlatforms) = postSolution
		{0410C8D5-4B69-43F4-839C-3360652BFADE}.Debug|Any CPU.ActiveCfg = Debug|Any CPU
		{0410C8D5-4B69-43F4-839C-3360652BFADE}.Debug|Any CPU.Build.0 = Debug|Any CPU
		{0410C8D5-4B69-43F4-839C-3360652BFADE}.Release|Any CPU.ActiveCfg = Release|Any CPU
		{0410C8D5-4B69-43F4-839C-3360652BFADE}.Release|Any CPU.Build.0 = Release|Any CPU
		{EE2252F6-9BC6-46D9-A722-A50F056B9EA0}.Debug|Any CPU.ActiveCfg = Debug|Any CPU
		{EE2252F6-9BC6-46D9-A722-A50F056B9EA0}.Debug|Any CPU.Build.0 = Debug|Any CPU
		{EE2252F6-9BC6-46D9-A722-A50F056B9EA0}.Release|Any CPU.ActiveCfg = Release|Any CPU
		{EE2252F6-9BC6-46D9-A722-A50F056B9EA0}.Release|Any CPU.Build.0 = Release|Any CPU
		{0C51354C-7F4A-412A-A03E-DD81AF7A3AF2}.Debug|Any CPU.ActiveCfg = Debug|Any CPU
		{0C51354C-7F4A-412A-A03E-DD81AF7A3AF2}.Debug|Any CPU.Build.0 = Debug|Any CPU
		{0C51354C-7F4A-412A-A03E-DD81AF7A3AF2}.Release|Any CPU.ActiveCfg = Release|Any CPU
		{0C51354C-7F4A-412A-A03E-DD81AF7A3AF2}.Release|Any CPU.Build.0 = Release|Any CPU
	EndGlobalSection
	GlobalSection(SolutionProperties) = preSolution
		HideSolutionNode = FALSE
	EndGlobalSection
	GlobalSection(ExtensibilityGlobals) = postSolution
		SolutionGuid = {9BAA7F45-58BD-431B-9334-6D973F108C65}
	EndGlobalSection
EndGlobal
